
Microsoft Visual Studio Solution File, Format Version 12.00
# Visual Studio Version 17
VisualStudioVersion = 17.9.34728.123
MinimumVisualStudioVersion = 10.0.40219.1
Project("{FAE04EC0-301F-11D3-BF4B-00C04F79EFBC}") = "SkinetAPI", "SkinetAPI\SkinetAPI.csproj", "{E0DF3CF6-F020-4BE0-BCD4-186E325519B9}"
EndProject
Project("{FAE04EC0-301F-11D3-BF4B-00C04F79EFBC}") = "Infrastructure", "Infrastructure\Infrastructure.csproj", "{2094FD20-5EE8-4E58-903F-E6EBC7E5CB66}"
EndProject
Project("{FAE04EC0-301F-11D3-BF4B-00C04F79EFBC}") = "Core", "Core\Core.csproj", "{9859C2FF-61C8-4A8C-AD8F-7AA65A2275D5}"
EndProject
Global
	GlobalSection(SolutionConfigurationPlatforms) = preSolution
		Debug|Any CPU = Debug|Any CPU
		Release|Any CPU = Release|Any CPU
	EndGlobalSection
	GlobalSection(ProjectConfigurationPlatforms) = postSolution
		{E0DF3CF6-F020-4BE0-BCD4-186E325519B9}.Debug|Any CPU.ActiveCfg = Debug|Any CPU
		{E0DF3CF6-F020-4BE0-BCD4-186E325519B9}.Debug|Any CPU.Build.0 = Debug|Any CPU
		{E0DF3CF6-F020-4BE0-BCD4-186E325519B9}.Release|Any CPU.ActiveCfg = Release|Any CPU
		{E0DF3CF6-F020-4BE0-BCD4-186E325519B9}.Release|Any CPU.Build.0 = Release|Any CPU
		{2094FD20-5EE8-4E58-903F-E6EBC7E5CB66}.Debug|Any CPU.ActiveCfg = Debug|Any CPU
		{2094FD20-5EE8-4E58-903F-E6EBC7E5CB66}.Debug|Any CPU.Build.0 = Debug|Any CPU
		{2094FD20-5EE8-4E58-903F-E6EBC7E5CB66}.Release|Any CPU.ActiveCfg = Release|Any CPU
		{2094FD20-5EE8-4E58-903F-E6EBC7E5CB66}.Release|Any CPU.Build.0 = Release|Any CPU
		{9859C2FF-61C8-4A8C-AD8F-7AA65A2275D5}.Debug|Any CPU.ActiveCfg = Debug|Any CPU
		{9859C2FF-61C8-4A8C-AD8F-7AA65A2275D5}.Debug|Any CPU.Build.0 = Debug|Any CPU
		{9859C2FF-61C8-4A8C-AD8F-7AA65A2275D5}.Release|Any CPU.ActiveCfg = Release|Any CPU
		{9859C2FF-61C8-4A8C-AD8F-7AA65A2275D5}.Release|Any CPU.Build.0 = Release|Any CPU
	EndGlobalSection
	GlobalSection(SolutionProperties) = preSolution
		HideSolutionNode = FALSE
	EndGlobalSection
	GlobalSection(ExtensibilityGlobals) = postSolution
		SolutionGuid = {C140D457-96F8-4A19-B837-9318E3BBB7BB}
	EndGlobalSection
EndGlobal
